
Microsoft Visual Studio Solution File, Format Version 12.00
# Visual Studio Version 17
VisualStudioVersion = 17.9.34728.123
MinimumVisualStudioVersion = 10.0.40219.1
Project("{9A19103F-16F7-4668-BE54-9A1E7A4F7556}") = "MidTermQ1", "MidTermQ1.csproj", "{5A8BD141-6B04-4880-9B1F-DC85BAD304CE}"
EndProject
Project("{9A19103F-16F7-4668-BE54-9A1E7A4F7556}") = "MidTermQ2", "..\MidTermQ2\MidTermQ2.csproj", "{F868C77F-15FC-4AF5-9B3C-7244868A5BD2}"
EndProject
Project("{FAE04EC0-301F-11D3-BF4B-00C04F79EFBC}") = "MidTermQ3", "..\MidTermQ3\MidTermQ3.csproj", "{53A9B9D2-EBCD-4132-8965-C0BA6FD34F6B}"
EndProject
Global
	GlobalSection(SolutionConfigurationPlatforms) = preSolution
		Debug|Any CPU = Debug|Any CPU
		Release|Any CPU = Release|Any CPU
	EndGlobalSection
	GlobalSection(ProjectConfigurationPlatforms) = postSolution
		{5A8BD141-6B04-4880-9B1F-DC85BAD304CE}.Debug|Any CPU.ActiveCfg = Debug|Any CPU
		{5A8BD141-6B04-4880-9B1F-DC85BAD304CE}.Debug|Any CPU.Build.0 = Debug|Any CPU
		{5A8BD141-6B04-4880-9B1F-DC85BAD304CE}.Release|Any CPU.ActiveCfg = Release|Any CPU
		{5A8BD141-6B04-4880-9B1F-DC85BAD304CE}.Release|Any CPU.Build.0 = Release|Any CPU
		{F868C77F-15FC-4AF5-9B3C-7244868A5BD2}.Debug|Any CPU.ActiveCfg = Debug|Any CPU
		{F868C77F-15FC-4AF5-9B3C-7244868A5BD2}.Debug|Any CPU.Build.0 = Debug|Any CPU
		{F868C77F-15FC-4AF5-9B3C-7244868A5BD2}.Release|Any CPU.ActiveCfg = Release|Any CPU
		{F868C77F-15FC-4AF5-9B3C-7244868A5BD2}.Release|Any CPU.Build.0 = Release|Any CPU
		{53A9B9D2-EBCD-4132-8965-C0BA6FD34F6B}.Debug|Any CPU.ActiveCfg = Debug|Any CPU
		{53A9B9D2-EBCD-4132-8965-C0BA6FD34F6B}.Debug|Any CPU.Build.0 = Debug|Any CPU
		{53A9B9D2-EBCD-4132-8965-C0BA6FD34F6B}.Release|Any CPU.ActiveCfg = Release|Any CPU
		{53A9B9D2-EBCD-4132-8965-C0BA6FD34F6B}.Release|Any CPU.Build.0 = Release|Any CPU
	EndGlobalSection
	GlobalSection(SolutionProperties) = preSolution
		HideSolutionNode = FALSE
	EndGlobalSection
	GlobalSection(ExtensibilityGlobals) = postSolution
		SolutionGuid = {19030F91-76C9-4C1A-9B69-2F2C2F1A27DD}
	EndGlobalSection
EndGlobal
